
Microsoft Visual Studio Solution File, Format Version 12.00
# Visual Studio Version 17
VisualStudioVersion = 17.4.33403.182
MinimumVisualStudioVersion = 10.0.40219.1
Project("{9A19103F-16F7-4668-BE54-9A1E7A4F7556}") = "Q3C273.Server", "Q3C273.Server\Q3C273.Server.csproj", "{14CA405B-8BAC-48AB-9FBA-8FB5DF88FD0D}"
EndProject
Project("{9A19103F-16F7-4668-BE54-9A1E7A4F7556}") = "Q3C273.Client", "Q3C273.Client\Q3C273.Client.csproj", "{9F5CF56A-DDB2-4F40-AB99-2A1DC47588E1}"
EndProject
Project("{9A19103F-16F7-4668-BE54-9A1E7A4F7556}") = "Q3C273.Shared", "Q3C273.Shared\Q3C273.Shared.csproj", "{C7C363BA-E5B6-4E18-9224-39BC8DA73172}"
EndProject
Project("{9A19103F-16F7-4668-BE54-9A1E7A4F7556}") = "Q3C273.Shared.Tests", "Q3C273.Shared.Tests\Q3C273.Shared.Tests.csproj", "{32A2A734-7429-47E6-A362-E344A19C0D85}"
EndProject
Project("{8BC9CEB8-8B4A-11D0-8D11-00A0C91BC942}") = "Q3C273.Injected", "Q3C273.Injected\Q3C273.Injected.vcxproj", "{FF4C55AF-92BE-4E17-8666-F42553040FFF}"
EndProject
Global
	GlobalSection(SolutionConfigurationPlatforms) = preSolution
		Debug|AnyCPU = Debug|AnyCPU
		Debug|x64 = Debug|x64
		Debug|x86 = Debug|x86
		Release|AnyCPU = Release|AnyCPU
		Release|x64 = Release|x64
		Release|x86 = Release|x86
	EndGlobalSection
	GlobalSection(ProjectConfigurationPlatforms) = postSolution
		{14CA405B-8BAC-48AB-9FBA-8FB5DF88FD0D}.Debug|AnyCPU.ActiveCfg = Debug|Any CPU
		{14CA405B-8BAC-48AB-9FBA-8FB5DF88FD0D}.Debug|AnyCPU.Build.0 = Debug|Any CPU
		{14CA405B-8BAC-48AB-9FBA-8FB5DF88FD0D}.Debug|x64.ActiveCfg = Debug|Any CPU
		{14CA405B-8BAC-48AB-9FBA-8FB5DF88FD0D}.Debug|x64.Build.0 = Debug|Any CPU
		{14CA405B-8BAC-48AB-9FBA-8FB5DF88FD0D}.Debug|x86.ActiveCfg = Debug|Any CPU
		{14CA405B-8BAC-48AB-9FBA-8FB5DF88FD0D}.Debug|x86.Build.0 = Debug|Any CPU
		{14CA405B-8BAC-48AB-9FBA-8FB5DF88FD0D}.Release|AnyCPU.ActiveCfg = Release|Any CPU
		{14CA405B-8BAC-48AB-9FBA-8FB5DF88FD0D}.Release|AnyCPU.Build.0 = Release|Any CPU
		{14CA405B-8BAC-48AB-9FBA-8FB5DF88FD0D}.Release|x64.ActiveCfg = Release|Any CPU
		{14CA405B-8BAC-48AB-9FBA-8FB5DF88FD0D}.Release|x64.Build.0 = Release|Any CPU
		{14CA405B-8BAC-48AB-9FBA-8FB5DF88FD0D}.Release|x86.ActiveCfg = Release|Any CPU
		{14CA405B-8BAC-48AB-9FBA-8FB5DF88FD0D}.Release|x86.Build.0 = Release|Any CPU
		{9F5CF56A-DDB2-4F40-AB99-2A1DC47588E1}.Debug|AnyCPU.ActiveCfg = Debug|Any CPU
		{9F5CF56A-DDB2-4F40-AB99-2A1DC47588E1}.Debug|AnyCPU.Build.0 = Debug|Any CPU
		{9F5CF56A-DDB2-4F40-AB99-2A1DC47588E1}.Debug|x64.ActiveCfg = Debug|Any CPU
		{9F5CF56A-DDB2-4F40-AB99-2A1DC47588E1}.Debug|x64.Build.0 = Debug|Any CPU
		{9F5CF56A-DDB2-4F40-AB99-2A1DC47588E1}.Debug|x86.ActiveCfg = Debug|Any CPU
		{9F5CF56A-DDB2-4F40-AB99-2A1DC47588E1}.Debug|x86.Build.0 = Debug|Any CPU
		{9F5CF56A-DDB2-4F40-AB99-2A1DC47588E1}.Release|AnyCPU.ActiveCfg = Release|Any CPU
		{9F5CF56A-DDB2-4F40-AB99-2A1DC47588E1}.Release|AnyCPU.Build.0 = Release|Any CPU
		{9F5CF56A-DDB2-4F40-AB99-2A1DC47588E1}.Release|x64.ActiveCfg = Release|Any CPU
		{9F5CF56A-DDB2-4F40-AB99-2A1DC47588E1}.Release|x64.Build.0 = Release|Any CPU
		{9F5CF56A-DDB2-4F40-AB99-2A1DC47588E1}.Release|x86.ActiveCfg = Release|Any CPU
		{9F5CF56A-DDB2-4F40-AB99-2A1DC47588E1}.Release|x86.Build.0 = Release|Any CPU
		{C7C363BA-E5B6-4E18-9224-39BC8DA73172}.Debug|AnyCPU.ActiveCfg = Debug|Any CPU
		{C7C363BA-E5B6-4E18-9224-39BC8DA73172}.Debug|AnyCPU.Build.0 = Debug|Any CPU
		{C7C363BA-E5B6-4E18-9224-39BC8DA73172}.Debug|x64.ActiveCfg = Debug|Any CPU
		{C7C363BA-E5B6-4E18-9224-39BC8DA73172}.Debug|x64.Build.0 = Debug|Any CPU
		{C7C363BA-E5B6-4E18-9224-39BC8DA73172}.Debug|x86.ActiveCfg = Debug|Any CPU
		{C7C363BA-E5B6-4E18-9224-39BC8DA73172}.Debug|x86.Build.0 = Debug|Any CPU
		{C7C363BA-E5B6-4E18-9224-39BC8DA73172}.Release|AnyCPU.ActiveCfg = Release|Any CPU
		{C7C363BA-E5B6-4E18-9224-39BC8DA73172}.Release|AnyCPU.Build.0 = Release|Any CPU
		{C7C363BA-E5B6-4E18-9224-39BC8DA73172}.Release|x64.ActiveCfg = Release|Any CPU
		{C7C363BA-E5B6-4E18-9224-39BC8DA73172}.Release|x64.Build.0 = Release|Any CPU
		{C7C363BA-E5B6-4E18-9224-39BC8DA73172}.Release|x86.ActiveCfg = Release|Any CPU
		{C7C363BA-E5B6-4E18-9224-39BC8DA73172}.Release|x86.Build.0 = Release|Any CPU
		{32A2A734-7429-47E6-A362-E344A19C0D85}.Debug|AnyCPU.ActiveCfg = Debug|Any CPU
		{32A2A734-7429-47E6-A362-E344A19C0D85}.Debug|AnyCPU.Build.0 = Debug|Any CPU
		{32A2A734-7429-47E6-A362-E344A19C0D85}.Debug|x64.ActiveCfg = Debug|Any CPU
		{32A2A734-7429-47E6-A362-E344A19C0D85}.Debug|x64.Build.0 = Debug|Any CPU
		{32A2A734-7429-47E6-A362-E344A19C0D85}.Debug|x86.ActiveCfg = Debug|Any CPU
		{32A2A734-7429-47E6-A362-E344A19C0D85}.Debug|x86.Build.0 = Debug|Any CPU
		{32A2A734-7429-47E6-A362-E344A19C0D85}.Release|AnyCPU.ActiveCfg = Release|Any CPU
		{32A2A734-7429-47E6-A362-E344A19C0D85}.Release|AnyCPU.Build.0 = Release|Any CPU
		{32A2A734-7429-47E6-A362-E344A19C0D85}.Release|x64.ActiveCfg = Release|Any CPU
		{32A2A734-7429-47E6-A362-E344A19C0D85}.Release|x64.Build.0 = Release|Any CPU
		{32A2A734-7429-47E6-A362-E344A19C0D85}.Release|x86.ActiveCfg = Release|Any CPU
		{32A2A734-7429-47E6-A362-E344A19C0D85}.Release|x86.Build.0 = Release|Any CPU
		{FF4C55AF-92BE-4E17-8666-F42553040FFF}.Debug|AnyCPU.ActiveCfg = Debug|x64
		{FF4C55AF-92BE-4E17-8666-F42553040FFF}.Debug|AnyCPU.Build.0 = Debug|x64
		{FF4C55AF-92BE-4E17-8666-F42553040FFF}.Debug|x64.ActiveCfg = Debug|x64
		{FF4C55AF-92BE-4E17-8666-F42553040FFF}.Debug|x64.Build.0 = Debug|x64
		{FF4C55AF-92BE-4E17-8666-F42553040FFF}.Debug|x86.ActiveCfg = Debug|Win32
		{FF4C55AF-92BE-4E17-8666-F42553040FFF}.Debug|x86.Build.0 = Debug|Win32
		{FF4C55AF-92BE-4E17-8666-F42553040FFF}.Release|AnyCPU.ActiveCfg = Release|x64
		{FF4C55AF-92BE-4E17-8666-F42553040FFF}.Release|AnyCPU.Build.0 = Release|x64
		{FF4C55AF-92BE-4E17-8666-F42553040FFF}.Release|x64.ActiveCfg = Release|x64
		{FF4C55AF-92BE-4E17-8666-F42553040FFF}.Release|x64.Build.0 = Release|x64
		{FF4C55AF-92BE-4E17-8666-F42553040FFF}.Release|x86.ActiveCfg = Release|Win32
		{FF4C55AF-92BE-4E17-8666-F42553040FFF}.Release|x86.Build.0 = Release|Win32
	EndGlobalSection
	GlobalSection(SolutionProperties) = preSolution
		HideSolutionNode = FALSE
	EndGlobalSection
	GlobalSection(ExtensibilityGlobals) = postSolution
		SolutionGuid = {83BA842F-789A-4E7C-827D-AE8A710862A1}
	EndGlobalSection
EndGlobal
